
Microsoft Visual Studio Solution File, Format Version 12.00
# Visual Studio Version 17
VisualStudioVersion = 17.11.35222.181
MinimumVisualStudioVersion = 10.0.40219.1
Project("{FAE04EC0-301F-11D3-BF4B-00C04F79EFBC}") = "PetHavenWPF", "PetHavenWPF\PetHavenWPF.csproj", "{5582E2FF-F509-4521-AE83-199480AA191C}"
EndProject
Global
	GlobalSection(SolutionConfigurationPlatforms) = preSolution
		Debug|Any CPU = Debug|Any CPU
		Release|Any CPU = Release|Any CPU
	EndGlobalSection
	GlobalSection(ProjectConfigurationPlatforms) = postSolution
		{5582E2FF-F509-4521-AE83-199480AA191C}.Debug|Any CPU.ActiveCfg = Debug|Any CPU
		{5582E2FF-F509-4521-AE83-199480AA191C}.Debug|Any CPU.Build.0 = Debug|Any CPU
		{5582E2FF-F509-4521-AE83-199480AA191C}.Release|Any CPU.ActiveCfg = Release|Any CPU
		{5582E2FF-F509-4521-AE83-199480AA191C}.Release|Any CPU.Build.0 = Release|Any CPU
	EndGlobalSection
	GlobalSection(SolutionProperties) = preSolution
		HideSolutionNode = FALSE
	EndGlobalSection
	GlobalSection(ExtensibilityGlobals) = postSolution
		SolutionGuid = {F9E59551-5471-4255-B154-8F2F50A450A4}
	EndGlobalSection
EndGlobal
